
Microsoft Visual Studio Solution File, Format Version 12.00
# Visual Studio Version 17
VisualStudioVersion = 17.5.001.0
MinimumVisualStudioVersion = 10.0.40219.1
Project("{2150E333-8FDC-42A3-9474-1A3956D46DE8}") = "prepare", "prepare", "{B4F54878-3D15-40C0-9C0D-4487EE15DEC0}"
EndProject
Project("{9A19103F-16F7-4668-BE54-9A1E7A4F7556}") = "Learning02", "prepare\Learning02\Learning02.csproj", "{15E21D4C-1A0F-4664-AD66-AED0D4D770AE}"
EndProject
Project("{9A19103F-16F7-4668-BE54-9A1E7A4F7556}") = "Learning05", "prepare\Learning05\Learning05.csproj", "{2105934E-BB61-45FF-9E3D-2E28FBB08E5F}"
EndProject
Project("{9A19103F-16F7-4668-BE54-9A1E7A4F7556}") = "Learning04", "prepare\Learning04\Learning04.csproj", "{617FA9D1-6985-439F-8240-CE6DB1A7EA39}"
EndProject
Project("{9A19103F-16F7-4668-BE54-9A1E7A4F7556}") = "Learning03", "prepare\Learning03\Learning03.csproj", "{341DF53F-E859-4F22-B0BD-71387612B85D}"
EndProject
Project("{2150E333-8FDC-42A3-9474-1A3956D46DE8}") = "prove", "prove", "{1775C73A-EF28-4735-A3A7-FF0C5AB6F0EF}"
EndProject
Project("{9A19103F-16F7-4668-BE54-9A1E7A4F7556}") = "Develop03", "prove\Develop03\Develop03.csproj", "{4AA4A291-657B-4A54-81BD-9E30FA1DED3C}"
EndProject
Project("{9A19103F-16F7-4668-BE54-9A1E7A4F7556}") = "Develop04", "prove\Develop04\Develop04.csproj", "{EBD3C713-1B7D-48E8-85B4-561754E1A041}"
EndProject
Project("{9A19103F-16F7-4668-BE54-9A1E7A4F7556}") = "Develop05", "prove\Develop05\Develop05.csproj", "{1010181B-EE52-4AFB-9CEE-B6FB44552BA3}"
EndProject
Project("{9A19103F-16F7-4668-BE54-9A1E7A4F7556}") = "Develop02", "prove\Develop02\Develop02.csproj", "{EF26190F-23FD-4713-8134-946792377406}"
EndProject
Project("{2150E333-8FDC-42A3-9474-1A3956D46DE8}") = "sandbox", "sandbox", "{3DCA0F54-387E-4445-ACFF-93B73D1FF65C}"
EndProject
Project("{9A19103F-16F7-4668-BE54-9A1E7A4F7556}") = "Sandbox", "sandbox\Sandbox\Sandbox.csproj", "{04D5E592-5B8D-4D7F-9C32-2BFD4C04B0F2}"
EndProject
Project("{2150E333-8FDC-42A3-9474-1A3956D46DE8}") = "final", "final", "{742CDB65-286E-45B2-804D-520F043719F2}"
EndProject
Project("{9A19103F-16F7-4668-BE54-9A1E7A4F7556}") = "FinalProject", "final\FinalProject\FinalProject.csproj", "{568F43A2-52A2-4C4F-9892-7F6E7FD27379}"
EndProject
Project("{9A19103F-16F7-4668-BE54-9A1E7A4F7556}") = "Foundation1", "final\Foundation1\Foundation1.csproj", "{B5D2C857-86B5-4AB9-AEEB-F480E3822782}"
EndProject
Project("{9A19103F-16F7-4668-BE54-9A1E7A4F7556}") = "Foundation4", "final\Foundation4\Foundation4.csproj", "{2D72CC94-760E-4B6F-8644-B475B61F8C08}"
EndProject
Project("{9A19103F-16F7-4668-BE54-9A1E7A4F7556}") = "Foundation3", "final\Foundation3\Foundation3.csproj", "{215C4F65-F5C5-4DD6-AB14-805A69E5AA70}"
EndProject
Project("{9A19103F-16F7-4668-BE54-9A1E7A4F7556}") = "Foundation2", "final\Foundation2\Foundation2.csproj", "{44251F4F-4027-4AE5-A128-2D84CB6C2535}"
EndProject
Project("{2150E333-8FDC-42A3-9474-1A3956D46DE8}") = "csharp-prep", "csharp-prep", "{C2239940-8DF1-4614-AE19-DF09F9D5863C}"
EndProject
Project("{9A19103F-16F7-4668-BE54-9A1E7A4F7556}") = "Prep1", "csharp-prep\Prep1\Prep1.csproj", "{947D7B5B-05CC-4542-B476-7212CFEC38BE}"
EndProject
Project("{9A19103F-16F7-4668-BE54-9A1E7A4F7556}") = "Prep5", "csharp-prep\Prep5\Prep5.csproj", "{71374701-13CF-4852-9767-77741C69050B}"
EndProject
Project("{9A19103F-16F7-4668-BE54-9A1E7A4F7556}") = "Prep2", "csharp-prep\Prep2\Prep2.csproj", "{5A406560-F9B0-4567-B18F-306A8D43FAB2}"
EndProject
Project("{9A19103F-16F7-4668-BE54-9A1E7A4F7556}") = "Prep3", "csharp-prep\Prep3\Prep3.csproj", "{CB993BC8-F6EA-4612-AA47-1532BB868F1D}"
EndProject
Project("{9A19103F-16F7-4668-BE54-9A1E7A4F7556}") = "Prep4", "csharp-prep\Prep4\Prep4.csproj", "{C507DF07-80A9-465B-9FD9-C77A7A4AA2FE}"
EndProject
Global
	GlobalSection(SolutionConfigurationPlatforms) = preSolution
		Debug|Any CPU = Debug|Any CPU
		Release|Any CPU = Release|Any CPU
	EndGlobalSection
	GlobalSection(ProjectConfigurationPlatforms) = postSolution
		{15E21D4C-1A0F-4664-AD66-AED0D4D770AE}.Debug|Any CPU.ActiveCfg = Debug|Any CPU
		{15E21D4C-1A0F-4664-AD66-AED0D4D770AE}.Debug|Any CPU.Build.0 = Debug|Any CPU
		{15E21D4C-1A0F-4664-AD66-AED0D4D770AE}.Release|Any CPU.ActiveCfg = Release|Any CPU
		{15E21D4C-1A0F-4664-AD66-AED0D4D770AE}.Release|Any CPU.Build.0 = Release|Any CPU
		{2105934E-BB61-45FF-9E3D-2E28FBB08E5F}.Debug|Any CPU.ActiveCfg = Debug|Any CPU
		{2105934E-BB61-45FF-9E3D-2E28FBB08E5F}.Debug|Any CPU.Build.0 = Debug|Any CPU
		{2105934E-BB61-45FF-9E3D-2E28FBB08E5F}.Release|Any CPU.ActiveCfg = Release|Any CPU
		{2105934E-BB61-45FF-9E3D-2E28FBB08E5F}.Release|Any CPU.Build.0 = Release|Any CPU
		{617FA9D1-6985-439F-8240-CE6DB1A7EA39}.Debug|Any CPU.ActiveCfg = Debug|Any CPU
		{617FA9D1-6985-439F-8240-CE6DB1A7EA39}.Debug|Any CPU.Build.0 = Debug|Any CPU
		{617FA9D1-6985-439F-8240-CE6DB1A7EA39}.Release|Any CPU.ActiveCfg = Release|Any CPU
		{617FA9D1-6985-439F-8240-CE6DB1A7EA39}.Release|Any CPU.Build.0 = Release|Any CPU
		{341DF53F-E859-4F22-B0BD-71387612B85D}.Debug|Any CPU.ActiveCfg = Debug|Any CPU
		{341DF53F-E859-4F22-B0BD-71387612B85D}.Debug|Any CPU.Build.0 = Debug|Any CPU
		{341DF53F-E859-4F22-B0BD-71387612B85D}.Release|Any CPU.ActiveCfg = Release|Any CPU
		{341DF53F-E859-4F22-B0BD-71387612B85D}.Release|Any CPU.Build.0 = Release|Any CPU
		{4AA4A291-657B-4A54-81BD-9E30FA1DED3C}.Debug|Any CPU.ActiveCfg = Debug|Any CPU
		{4AA4A291-657B-4A54-81BD-9E30FA1DED3C}.Debug|Any CPU.Build.0 = Debug|Any CPU
		{4AA4A291-657B-4A54-81BD-9E30FA1DED3C}.Release|Any CPU.ActiveCfg = Release|Any CPU
		{4AA4A291-657B-4A54-81BD-9E30FA1DED3C}.Release|Any CPU.Build.0 = Release|Any CPU
		{EBD3C713-1B7D-48E8-85B4-561754E1A041}.Debug|Any CPU.ActiveCfg = Debug|Any CPU
		{EBD3C713-1B7D-48E8-85B4-561754E1A041}.Debug|Any CPU.Build.0 = Debug|Any CPU
		{EBD3C713-1B7D-48E8-85B4-561754E1A041}.Release|Any CPU.ActiveCfg = Release|Any CPU
		{EBD3C713-1B7D-48E8-85B4-561754E1A041}.Release|Any CPU.Build.0 = Release|Any CPU
		{1010181B-EE52-4AFB-9CEE-B6FB44552BA3}.Debug|Any CPU.ActiveCfg = Debug|Any CPU
		{1010181B-EE52-4AFB-9CEE-B6FB44552BA3}.Debug|Any CPU.Build.0 = Debug|Any CPU
		{1010181B-EE52-4AFB-9CEE-B6FB44552BA3}.Release|Any CPU.ActiveCfg = Release|Any CPU
		{1010181B-EE52-4AFB-9CEE-B6FB44552BA3}.Release|Any CPU.Build.0 = Release|Any CPU
		{EF26190F-23FD-4713-8134-946792377406}.Debug|Any CPU.ActiveCfg = Debug|Any CPU
		{EF26190F-23FD-4713-8134-946792377406}.Debug|Any CPU.Build.0 = Debug|Any CPU
		{EF26190F-23FD-4713-8134-946792377406}.Release|Any CPU.ActiveCfg = Release|Any CPU
		{EF26190F-23FD-4713-8134-946792377406}.Release|Any CPU.Build.0 = Release|Any CPU
		{04D5E592-5B8D-4D7F-9C32-2BFD4C04B0F2}.Debug|Any CPU.ActiveCfg = Debug|Any CPU
		{04D5E592-5B8D-4D7F-9C32-2BFD4C04B0F2}.Debug|Any CPU.Build.0 = Debug|Any CPU
		{04D5E592-5B8D-4D7F-9C32-2BFD4C04B0F2}.Release|Any CPU.ActiveCfg = Release|Any CPU
		{04D5E592-5B8D-4D7F-9C32-2BFD4C04B0F2}.Release|Any CPU.Build.0 = Release|Any CPU
		{568F43A2-52A2-4C4F-9892-7F6E7FD27379}.Debug|Any CPU.ActiveCfg = Debug|Any CPU
		{568F43A2-52A2-4C4F-9892-7F6E7FD27379}.Debug|Any CPU.Build.0 = Debug|Any CPU
		{568F43A2-52A2-4C4F-9892-7F6E7FD27379}.Release|Any CPU.ActiveCfg = Release|Any CPU
		{568F43A2-52A2-4C4F-9892-7F6E7FD27379}.Release|Any CPU.Build.0 = Release|Any CPU
		{B5D2C857-86B5-4AB9-AEEB-F480E3822782}.Debug|Any CPU.ActiveCfg = Debug|Any CPU
		{B5D2C857-86B5-4AB9-AEEB-F480E3822782}.Debug|Any CPU.Build.0 = Debug|Any CPU
		{B5D2C857-86B5-4AB9-AEEB-F480E3822782}.Release|Any CPU.ActiveCfg = Release|Any CPU
		{B5D2C857-86B5-4AB9-AEEB-F480E3822782}.Release|Any CPU.Build.0 = Release|Any CPU
		{2D72CC94-760E-4B6F-8644-B475B61F8C08}.Debug|Any CPU.ActiveCfg = Debug|Any CPU
		{2D72CC94-760E-4B6F-8644-B475B61F8C08}.Debug|Any CPU.Build.0 = Debug|Any CPU
		{2D72CC94-760E-4B6F-8644-B475B61F8C08}.Release|Any CPU.ActiveCfg = Release|Any CPU
		{2D72CC94-760E-4B6F-8644-B475B61F8C08}.Release|Any CPU.Build.0 = Release|Any CPU
		{215C4F65-F5C5-4DD6-AB14-805A69E5AA70}.Debug|Any CPU.ActiveCfg = Debug|Any CPU
		{215C4F65-F5C5-4DD6-AB14-805A69E5AA70}.Debug|Any CPU.Build.0 = Debug|Any CPU
		{215C4F65-F5C5-4DD6-AB14-805A69E5AA70}.Release|Any CPU.ActiveCfg = Release|Any CPU
		{215C4F65-F5C5-4DD6-AB14-805A69E5AA70}.Release|Any CPU.Build.0 = Release|Any CPU
		{44251F4F-4027-4AE5-A128-2D84CB6C2535}.Debug|Any CPU.ActiveCfg = Debug|Any CPU
		{44251F4F-4027-4AE5-A128-2D84CB6C2535}.Debug|Any CPU.Build.0 = Debug|Any CPU
		{44251F4F-4027-4AE5-A128-2D84CB6C2535}.Release|Any CPU.ActiveCfg = Release|Any CPU
		{44251F4F-4027-4AE5-A128-2D84CB6C2535}.Release|Any CPU.Build.0 = Release|Any CPU
		{947D7B5B-05CC-4542-B476-7212CFEC38BE}.Debug|Any CPU.ActiveCfg = Debug|Any CPU
		{947D7B5B-05CC-4542-B476-7212CFEC38BE}.Debug|Any CPU.Build.0 = Debug|Any CPU
		{947D7B5B-05CC-4542-B476-7212CFEC38BE}.Release|Any CPU.ActiveCfg = Release|Any CPU
		{947D7B5B-05CC-4542-B476-7212CFEC38BE}.Release|Any CPU.Build.0 = Release|Any CPU
		{71374701-13CF-4852-9767-77741C69050B}.Debug|Any CPU.ActiveCfg = Debug|Any CPU
		{71374701-13CF-4852-9767-77741C69050B}.Debug|Any CPU.Build.0 = Debug|Any CPU
		{71374701-13CF-4852-9767-77741C69050B}.Release|Any CPU.ActiveCfg = Release|Any CPU
		{71374701-13CF-4852-9767-77741C69050B}.Release|Any CPU.Build.0 = Release|Any CPU
		{5A406560-F9B0-4567-B18F-306A8D43FAB2}.Debug|Any CPU.ActiveCfg = Debug|Any CPU
		{5A406560-F9B0-4567-B18F-306A8D43FAB2}.Debug|Any CPU.Build.0 = Debug|Any CPU
		{5A406560-F9B0-4567-B18F-306A8D43FAB2}.Release|Any CPU.ActiveCfg = Release|Any CPU
		{5A406560-F9B0-4567-B18F-306A8D43FAB2}.Release|Any CPU.Build.0 = Release|Any CPU
		{CB993BC8-F6EA-4612-AA47-1532BB868F1D}.Debug|Any CPU.ActiveCfg = Debug|Any CPU
		{CB993BC8-F6EA-4612-AA47-1532BB868F1D}.Debug|Any CPU.Build.0 = Debug|Any CPU
		{CB993BC8-F6EA-4612-AA47-1532BB868F1D}.Release|Any CPU.ActiveCfg = Release|Any CPU
		{CB993BC8-F6EA-4612-AA47-1532BB868F1D}.Release|Any CPU.Build.0 = Release|Any CPU
		{C507DF07-80A9-465B-9FD9-C77A7A4AA2FE}.Debug|Any CPU.ActiveCfg = Debug|Any CPU
		{C507DF07-80A9-465B-9FD9-C77A7A4AA2FE}.Debug|Any CPU.Build.0 = Debug|Any CPU
		{C507DF07-80A9-465B-9FD9-C77A7A4AA2FE}.Release|Any CPU.ActiveCfg = Release|Any CPU
		{C507DF07-80A9-465B-9FD9-C77A7A4AA2FE}.Release|Any CPU.Build.0 = Release|Any CPU
	EndGlobalSection
	GlobalSection(SolutionProperties) = preSolution
		HideSolutionNode = FALSE
	EndGlobalSection
	GlobalSection(NestedProjects) = preSolution
		{15E21D4C-1A0F-4664-AD66-AED0D4D770AE} = {B4F54878-3D15-40C0-9C0D-4487EE15DEC0}
		{2105934E-BB61-45FF-9E3D-2E28FBB08E5F} = {B4F54878-3D15-40C0-9C0D-4487EE15DEC0}
		{617FA9D1-6985-439F-8240-CE6DB1A7EA39} = {B4F54878-3D15-40C0-9C0D-4487EE15DEC0}
		{341DF53F-E859-4F22-B0BD-71387612B85D} = {B4F54878-3D15-40C0-9C0D-4487EE15DEC0}
		{4AA4A291-657B-4A54-81BD-9E30FA1DED3C} = {1775C73A-EF28-4735-A3A7-FF0C5AB6F0EF}
		{EBD3C713-1B7D-48E8-85B4-561754E1A041} = {1775C73A-EF28-4735-A3A7-FF0C5AB6F0EF}
		{1010181B-EE52-4AFB-9CEE-B6FB44552BA3} = {1775C73A-EF28-4735-A3A7-FF0C5AB6F0EF}
		{EF26190F-23FD-4713-8134-946792377406} = {1775C73A-EF28-4735-A3A7-FF0C5AB6F0EF}
		{04D5E592-5B8D-4D7F-9C32-2BFD4C04B0F2} = {3DCA0F54-387E-4445-ACFF-93B73D1FF65C}
		{568F43A2-52A2-4C4F-9892-7F6E7FD27379} = {742CDB65-286E-45B2-804D-520F043719F2}
		{B5D2C857-86B5-4AB9-AEEB-F480E3822782} = {742CDB65-286E-45B2-804D-520F043719F2}
		{2D72CC94-760E-4B6F-8644-B475B61F8C08} = {742CDB65-286E-45B2-804D-520F043719F2}
		{215C4F65-F5C5-4DD6-AB14-805A69E5AA70} = {742CDB65-286E-45B2-804D-520F043719F2}
		{44251F4F-4027-4AE5-A128-2D84CB6C2535} = {742CDB65-286E-45B2-804D-520F043719F2}
		{947D7B5B-05CC-4542-B476-7212CFEC38BE} = {C2239940-8DF1-4614-AE19-DF09F9D5863C}
		{71374701-13CF-4852-9767-77741C69050B} = {C2239940-8DF1-4614-AE19-DF09F9D5863C}
		{5A406560-F9B0-4567-B18F-306A8D43FAB2} = {C2239940-8DF1-4614-AE19-DF09F9D5863C}
		{CB993BC8-F6EA-4612-AA47-1532BB868F1D} = {C2239940-8DF1-4614-AE19-DF09F9D5863C}
		{C507DF07-80A9-465B-9FD9-C77A7A4AA2FE} = {C2239940-8DF1-4614-AE19-DF09F9D5863C}
	EndGlobalSection
	GlobalSection(ExtensibilityGlobals) = postSolution
		SolutionGuid = {85E10457-F706-4CF4-83FA-33F28B1E0987}
	EndGlobalSection
EndGlobal
